
Microsoft Visual Studio Solution File, Format Version 12.00
# Visual Studio 15
Project("{FAE04EC0-301F-11D3-BF4B-00C04F79EFBC}") = "bbobggi", "bbobggi.csproj", "{FB4270E7-C7AC-41D7-588E-BF6F23B3750F}"
EndProject
Global
	GlobalSection(SolutionConfigurationPlatforms) = preSolution
		Debug|Any CPU = Debug|Any CPU
		Release|Any CPU = Release|Any CPU
	EndGlobalSection
	GlobalSection(ProjectConfigurationPlatforms) = postSolution
		{FB4270E7-C7AC-41D7-588E-BF6F23B3750F}.Debug|Any CPU.ActiveCfg = Debug|Any CPU
		{FB4270E7-C7AC-41D7-588E-BF6F23B3750F}.Debug|Any CPU.Build.0 = Debug|Any CPU
		{FB4270E7-C7AC-41D7-588E-BF6F23B3750F}.Release|Any CPU.ActiveCfg = Release|Any CPU
		{FB4270E7-C7AC-41D7-588E-BF6F23B3750F}.Release|Any CPU.Build.0 = Release|Any CPU
	EndGlobalSection
	GlobalSection(SolutionProperties) = preSolution
		HideSolutionNode = FALSE
	EndGlobalSection
EndGlobal
